{
  "pins" : [
    {
      "identity" : "capacitor-swift-pm",
      "kind" : "remoteSourceControl",
      "location" : "https://github.com/ionic-team/capacitor-swift-pm",
      "state" : {
        "revision" : "0b4bb48cea870ce90c99d3fb5b5cb5f0e4527439",
        "version" : "4.6.0"
      }
    },
    {
      "identity" : "ionic-live-updates-releases",
      "kind" : "remoteSourceControl",
      "location" : "https://github.com/ionic-team/ionic-live-updates-releases",
      "state" : {
        "revision" : "944809d403cf825b07ec50882dabc4660473faef",
        "version" : "0.2.0"
      }
    },
    {
      "identity" : "ionic-portals-ios",
      "kind" : "remoteSourceControl",
      "location" : "https://github.com/ionic-team/ionic-portals-ios.git",
      "state" : {
        "revision" : "fb3a37e3edb22d50e4ab0f61ede1faefd20e141d",
        "version" : "0.7.1"
      }
    }
  ],
  "version" : 2
}
